// !$*UTF8*$!
{
	archiveVersion = 1;
	classes = {
	};
	objectVersion = 55;
	objects = {

/* Begin PBXBuildFile section */
		263450BC27BB34BD00ADB3C4 /* ScanTableViewCell.swift in Sources */ = {isa = PBXBuildFile; fileRef = 263450BA27BB34BD00ADB3C4 /* ScanTableViewCell.swift */; };
		263450BD27BB34BD00ADB3C4 /* ScanTableViewCell.xib in Resources */ = {isa = PBXBuildFile; fileRef = 263450BB27BB34BD00ADB3C4 /* ScanTableViewCell.xib */; };
		263D621F27B3AD4200713574 /* AppDelegate.swift in Sources */ = {isa = PBXBuildFile; fileRef = 263D621E27B3AD4200713574 /* AppDelegate.swift */; };
		263D622127B3AD4200713574 /* SceneDelegate.swift in Sources */ = {isa = PBXBuildFile; fileRef = 263D622027B3AD4200713574 /* SceneDelegate.swift */; };
		263D622327B3AD4200713574 /* ViewController.swift in Sources */ = {isa = PBXBuildFile; fileRef = 263D622227B3AD4200713574 /* ViewController.swift */; };
		263D622627B3AD4200713574 /* Main.storyboard in Resources */ = {isa = PBXBuildFile; fileRef = 263D622427B3AD4200713574 /* Main.storyboard */; };
		263D622827B3AD4300713574 /* Assets.xcassets in Resources */ = {isa = PBXBuildFile; fileRef = 263D622727B3AD4300713574 /* Assets.xcassets */; };
		263D622B27B3AD4300713574 /* LaunchScreen.storyboard in Resources */ = {isa = PBXBuildFile; fileRef = 263D622927B3AD4300713574 /* LaunchScreen.storyboard */; };
		2682B69527C753880022E627 /* DeviceModel.swift in Sources */ = {isa = PBXBuildFile; fileRef = 2682B69427C753880022E627 /* DeviceModel.swift */; };
		26841EFA28177890000BB9A3 /* Util.swift in Sources */ = {isa = PBXBuildFile; fileRef = 26841EF928177890000BB9A3 /* Util.swift */; };
		2687C64D27BA487B006C3D63 /* BluetoothSerial.swift in Sources */ = {isa = PBXBuildFile; fileRef = 2687C64C27BA487B006C3D63 /* BluetoothSerial.swift */; };
		26A17CDF27FD1CAC0051CCEC /* DirectCertificationViewController.swift in Sources */ = {isa = PBXBuildFile; fileRef = 26A17CDD27FD1CAC0051CCEC /* DirectCertificationViewController.swift */; };
		26A17CE027FD1CAC0051CCEC /* DirectCertificationViewController.xib in Resources */ = {isa = PBXBuildFile; fileRef = 26A17CDE27FD1CAC0051CCEC /* DirectCertificationViewController.xib */; };
		26B30FF527E7FE80003B4D5A /* ControlViewController.swift in Sources */ = {isa = PBXBuildFile; fileRef = 26B30FF327E7FE80003B4D5A /* ControlViewController.swift */; };
		26B30FF627E7FE80003B4D5A /* ControlViewController.xib in Resources */ = {isa = PBXBuildFile; fileRef = 26B30FF427E7FE80003B4D5A /* ControlViewController.xib */; };
		26B30FFA27E813B0003B4D5A /* CConfig.swift in Sources */ = {isa = PBXBuildFile; fileRef = 26B30FF927E813B0003B4D5A /* CConfig.swift */; };
		26B4FF5C27BF55BD004E05B8 /* ScanViewController.swift in Sources */ = {isa = PBXBuildFile; fileRef = 26B4FF5A27BF55BD004E05B8 /* ScanViewController.swift */; };
		26B4FF5D27BF55BD004E05B8 /* ScanViewController.xib in Resources */ = {isa = PBXBuildFile; fileRef = 26B4FF5B27BF55BD004E05B8 /* ScanViewController.xib */; };
		26B8F47827D593F10031A300 /* Localizable.strings in Resources */ = {isa = PBXBuildFile; fileRef = 26B8F47727D593F10031A300 /* Localizable.strings */; };
		26B98EE527E02A84008BFC80 /* LoadingService.swift in Sources */ = {isa = PBXBuildFile; fileRef = 26B98EE427E02A84008BFC80 /* LoadingService.swift */; };
		26CED26A27E40CF000852DA8 /* AES128Util.swift in Sources */ = {isa = PBXBuildFile; fileRef = 26CED26927E40CF000852DA8 /* AES128Util.swift */; };
		26CFA85B27F2B1DA00CB9092 /* ControlDialogViewController.swift in Sources */ = {isa = PBXBuildFile; fileRef = 26CFA85927F2B1DA00CB9092 /* ControlDialogViewController.swift */; };
		26CFA85C27F2B1DA00CB9092 /* ControlDialogViewController.xib in Resources */ = {isa = PBXBuildFile; fileRef = 26CFA85A27F2B1DA00CB9092 /* ControlDialogViewController.xib */; };
		26D5BAB327EC1E5D001E3993 /* SwiftSMTP in Frameworks */ = {isa = PBXBuildFile; productRef = 26D5BAB227EC1E5D001E3993 /* SwiftSMTP */; };
		26D5BAB527EC4155001E3993 /* EmailSender.swift in Sources */ = {isa = PBXBuildFile; fileRef = 26D5BAB427EC4155001E3993 /* EmailSender.swift */; };
		26D65223280662B8001C5F19 /* EmailCertificationViewController.swift in Sources */ = {isa = PBXBuildFile; fileRef = 26D65221280662B8001C5F19 /* EmailCertificationViewController.swift */; };
		26D65224280662B8001C5F19 /* EmailCertificationViewController.xib in Resources */ = {isa = PBXBuildFile; fileRef = 26D65222280662B8001C5F19 /* EmailCertificationViewController.xib */; };
		26D9CC9827EAB4500015E61C /* NumberCertificationViewController.swift in Sources */ = {isa = PBXBuildFile; fileRef = 26D9CC9627EAB4500015E61C /* NumberCertificationViewController.swift */; };
		26D9CC9927EAB4500015E61C /* NumberCertificationViewController.xib in Resources */ = {isa = PBXBuildFile; fileRef = 26D9CC9727EAB4500015E61C /* NumberCertificationViewController.xib */; };
		26DA6F7427DAFFC0001BF091 /* LoginViewController.swift in Sources */ = {isa = PBXBuildFile; fileRef = 26DA6F7227DAFFC0001BF091 /* LoginViewController.swift */; };
		26DA6F7527DAFFC0001BF091 /* LoginViewController.xib in Resources */ = {isa = PBXBuildFile; fileRef = 26DA6F7327DAFFC0001BF091 /* LoginViewController.xib */; };
		26E2AC2D2828F14200681567 /* ResultDialogViewController.swift in Sources */ = {isa = PBXBuildFile; fileRef = 26E2AC2B2828F14200681567 /* ResultDialogViewController.swift */; };
		26E2AC2E2828F14200681567 /* ResultDialogViewController.xib in Resources */ = {isa = PBXBuildFile; fileRef = 26E2AC2C2828F14200681567 /* ResultDialogViewController.xib */; };
		26E665C727F5984300440CB7 /* PhoneNumberModalViewController.swift in Sources */ = {isa = PBXBuildFile; fileRef = 26E665C527F5984300440CB7 /* PhoneNumberModalViewController.swift */; };
		26E665C827F5984300440CB7 /* PhoneNumberModalViewController.xib in Resources */ = {isa = PBXBuildFile; fileRef = 26E665C627F5984300440CB7 /* PhoneNumberModalViewController.xib */; };
		26E784AD2803B72C00B7417B /* MasterAddViewController.swift in Sources */ = {isa = PBXBuildFile; fileRef = 26E784AB2803B72C00B7417B /* MasterAddViewController.swift */; };
		26E784AE2803B72C00B7417B /* MasterAddViewController.xib in Resources */ = {isa = PBXBuildFile; fileRef = 26E784AC2803B72C00B7417B /* MasterAddViewController.xib */; };
		AEF6861DFC869DF38AC5CFF9 /* Pods_BT_SmartCar_demo.framework in Frameworks */ = {isa = PBXBuildFile; fileRef = 3513E5717B2AD78C838DA8E4 /* Pods_BT_SmartCar_demo.framework */; };
/* End PBXBuildFile section */

/* Begin PBXFileReference section */
		213ADA9F21C08623D980CA52 /* Pods-BT_SmartCar_demo.debug.xcconfig */ = {isa = PBXFileReference; includeInIndex = 1; lastKnownFileType = text.xcconfig; name = "Pods-BT_SmartCar_demo.debug.xcconfig"; path = "Target Support Files/Pods-BT_SmartCar_demo/Pods-BT_SmartCar_demo.debug.xcconfig"; sourceTree = "<group>"; };
		263450BA27BB34BD00ADB3C4 /* ScanTableViewCell.swift */ = {isa = PBXFileReference; lastKnownFileType = sourcecode.swift; path = ScanTableViewCell.swift; sourceTree = "<group>"; };
		263450BB27BB34BD00ADB3C4 /* ScanTableViewCell.xib */ = {isa = PBXFileReference; lastKnownFileType = file.xib; path = ScanTableViewCell.xib; sourceTree = "<group>"; };
		263D621B27B3AD4200713574 /* BT_SmartCar_demo.app */ = {isa = PBXFileReference; explicitFileType = wrapper.application; includeInIndex = 0; path = BT_SmartCar_demo.app; sourceTree = BUILT_PRODUCTS_DIR; };
		263D621E27B3AD4200713574 /* AppDelegate.swift */ = {isa = PBXFileReference; lastKnownFileType = sourcecode.swift; path = AppDelegate.swift; sourceTree = "<group>"; };
		263D622027B3AD4200713574 /* SceneDelegate.swift */ = {isa = PBXFileReference; lastKnownFileType = sourcecode.swift; path = SceneDelegate.swift; sourceTree = "<group>"; };
		263D622227B3AD4200713574 /* ViewController.swift */ = {isa = PBXFileReference; lastKnownFileType = sourcecode.swift; path = ViewController.swift; sourceTree = "<group>"; };
		263D622527B3AD4200713574 /* Base */ = {isa = PBXFileReference; lastKnownFileType = file.storyboard; name = Base; path = Base.lproj/Main.storyboard; sourceTree = "<group>"; };
		263D622727B3AD4300713574 /* Assets.xcassets */ = {isa = PBXFileReference; lastKnownFileType = folder.assetcatalog; path = Assets.xcassets; sourceTree = "<group>"; };
		263D622A27B3AD4300713574 /* Base */ = {isa = PBXFileReference; lastKnownFileType = file.storyboard; name = Base; path = Base.lproj/LaunchScreen.storyboard; sourceTree = "<group>"; };
		263D622C27B3AD4300713574 /* Info.plist */ = {isa = PBXFileReference; lastKnownFileType = text.plist.xml; path = Info.plist; sourceTree = "<group>"; };
		2682B69427C753880022E627 /* DeviceModel.swift */ = {isa = PBXFileReference; lastKnownFileType = sourcecode.swift; path = DeviceModel.swift; sourceTree = "<group>"; };
		26841EF928177890000BB9A3 /* Util.swift */ = {isa = PBXFileReference; lastKnownFileType = sourcecode.swift; path = Util.swift; sourceTree = "<group>"; };
		2687C64C27BA487B006C3D63 /* BluetoothSerial.swift */ = {isa = PBXFileReference; lastKnownFileType = sourcecode.swift; path = BluetoothSerial.swift; sourceTree = "<group>"; };
		26A17CDD27FD1CAC0051CCEC /* DirectCertificationViewController.swift */ = {isa = PBXFileReference; lastKnownFileType = sourcecode.swift; path = DirectCertificationViewController.swift; sourceTree = "<group>"; };
		26A17CDE27FD1CAC0051CCEC /* DirectCertificationViewController.xib */ = {isa = PBXFileReference; lastKnownFileType = file.xib; path = DirectCertificationViewController.xib; sourceTree = "<group>"; };
		26B30FF327E7FE80003B4D5A /* ControlViewController.swift */ = {isa = PBXFileReference; lastKnownFileType = sourcecode.swift; path = ControlViewController.swift; sourceTree = "<group>"; };
		26B30FF427E7FE80003B4D5A /* ControlViewController.xib */ = {isa = PBXFileReference; lastKnownFileType = file.xib; path = ControlViewController.xib; sourceTree = "<group>"; };
		26B30FF927E813B0003B4D5A /* CConfig.swift */ = {isa = PBXFileReference; lastKnownFileType = sourcecode.swift; path = CConfig.swift; sourceTree = "<group>"; };
		26B4FF5A27BF55BD004E05B8 /* ScanViewController.swift */ = {isa = PBXFileReference; lastKnownFileType = sourcecode.swift; path = ScanViewController.swift; sourceTree = "<group>"; };
		26B4FF5B27BF55BD004E05B8 /* ScanViewController.xib */ = {isa = PBXFileReference; lastKnownFileType = file.xib; path = ScanViewController.xib; sourceTree = "<group>"; };
		26B8F47727D593F10031A300 /* Localizable.strings */ = {isa = PBXFileReference; lastKnownFileType = text.plist.strings; path = Localizable.strings; sourceTree = "<group>"; };
		26B98EE427E02A84008BFC80 /* LoadingService.swift */ = {isa = PBXFileReference; lastKnownFileType = sourcecode.swift; path = LoadingService.swift; sourceTree = "<group>"; };
		26CED26927E40CF000852DA8 /* AES128Util.swift */ = {isa = PBXFileReference; lastKnownFileType = sourcecode.swift; path = AES128Util.swift; sourceTree = "<group>"; };
		26CFA85927F2B1DA00CB9092 /* ControlDialogViewController.swift */ = {isa = PBXFileReference; lastKnownFileType = sourcecode.swift; path = ControlDialogViewController.swift; sourceTree = "<group>"; };
		26CFA85A27F2B1DA00CB9092 /* ControlDialogViewController.xib */ = {isa = PBXFileReference; lastKnownFileType = file.xib; path = ControlDialogViewController.xib; sourceTree = "<group>"; };
		26D5BAB427EC4155001E3993 /* EmailSender.swift */ = {isa = PBXFileReference; lastKnownFileType = sourcecode.swift; path = EmailSender.swift; sourceTree = "<group>"; };
		26D65221280662B8001C5F19 /* EmailCertificationViewController.swift */ = {isa = PBXFileReference; lastKnownFileType = sourcecode.swift; path = EmailCertificationViewController.swift; sourceTree = "<group>"; };
		26D65222280662B8001C5F19 /* EmailCertificationViewController.xib */ = {isa = PBXFileReference; lastKnownFileType = file.xib; path = EmailCertificationViewController.xib; sourceTree = "<group>"; };
		26D9CC9627EAB4500015E61C /* NumberCertificationViewController.swift */ = {isa = PBXFileReference; lastKnownFileType = sourcecode.swift; path = NumberCertificationViewController.swift; sourceTree = "<group>"; };
		26D9CC9727EAB4500015E61C /* NumberCertificationViewController.xib */ = {isa = PBXFileReference; lastKnownFileType = file.xib; path = NumberCertificationViewController.xib; sourceTree = "<group>"; };
		26DA6F7227DAFFC0001BF091 /* LoginViewController.swift */ = {isa = PBXFileReference; lastKnownFileType = sourcecode.swift; path = LoginViewController.swift; sourceTree = "<group>"; };
		26DA6F7327DAFFC0001BF091 /* LoginViewController.xib */ = {isa = PBXFileReference; lastKnownFileType = file.xib; path = LoginViewController.xib; sourceTree = "<group>"; };
		26E2AC2B2828F14200681567 /* ResultDialogViewController.swift */ = {isa = PBXFileReference; lastKnownFileType = sourcecode.swift; path = ResultDialogViewController.swift; sourceTree = "<group>"; };
		26E2AC2C2828F14200681567 /* ResultDialogViewController.xib */ = {isa = PBXFileReference; lastKnownFileType = file.xib; path = ResultDialogViewController.xib; sourceTree = "<group>"; };
		26E4519027F6A28200DA39FA /* BT_SmartCar_demo.entitlements */ = {isa = PBXFileReference; lastKnownFileType = text.plist.entitlements; path = BT_SmartCar_demo.entitlements; sourceTree = "<group>"; };
		26E665C527F5984300440CB7 /* PhoneNumberModalViewController.swift */ = {isa = PBXFileReference; lastKnownFileType = sourcecode.swift; path = PhoneNumberModalViewController.swift; sourceTree = "<group>"; };
		26E665C627F5984300440CB7 /* PhoneNumberModalViewController.xib */ = {isa = PBXFileReference; lastKnownFileType = file.xib; path = PhoneNumberModalViewController.xib; sourceTree = "<group>"; };
		26E784AB2803B72C00B7417B /* MasterAddViewController.swift */ = {isa = PBXFileReference; lastKnownFileType = sourcecode.swift; path = MasterAddViewController.swift; sourceTree = "<group>"; };
		26E784AC2803B72C00B7417B /* MasterAddViewController.xib */ = {isa = PBXFileReference; lastKnownFileType = file.xib; path = MasterAddViewController.xib; sourceTree = "<group>"; };
		3513E5717B2AD78C838DA8E4 /* Pods_BT_SmartCar_demo.framework */ = {isa = PBXFileReference; explicitFileType = wrapper.framework; includeInIndex = 0; path = Pods_BT_SmartCar_demo.framework; sourceTree = BUILT_PRODUCTS_DIR; };
		6926BD041B60C88FD5037907 /* Pods-BT_SmartCar_demo.release.xcconfig */ = {isa = PBXFileReference; includeInIndex = 1; lastKnownFileType = text.xcconfig; name = "Pods-BT_SmartCar_demo.release.xcconfig"; path = "Target Support Files/Pods-BT_SmartCar_demo/Pods-BT_SmartCar_demo.release.xcconfig"; sourceTree = "<group>"; };
/* End PBXFileReference section */

/* Begin PBXFrameworksBuildPhase section */
		263D621827B3AD4200713574 /* Frameworks */ = {
			isa = PBXFrameworksBuildPhase;
			buildActionMask = 2147483647;
			files = (
				26D5BAB327EC1E5D001E3993 /* SwiftSMTP in Frameworks */,
				AEF6861DFC869DF38AC5CFF9 /* Pods_BT_SmartCar_demo.framework in Frameworks */,
			);
			runOnlyForDeploymentPostprocessing = 0;
		};
/* End PBXFrameworksBuildPhase section */

/* Begin PBXGroup section */
		263D621227B3AD4200713574 = {
			isa = PBXGroup;
			children = (
				263D621D27B3AD4200713574 /* BT_SmartCar_demo */,
				263D621C27B3AD4200713574 /* Products */,
				849B44B10F502490CDFAC9C0 /* Pods */,
				7B969C2CA3DDE2438CD83BF1 /* Frameworks */,
			);
			sourceTree = "<group>";
		};
		263D621C27B3AD4200713574 /* Products */ = {
			isa = PBXGroup;
			children = (
				263D621B27B3AD4200713574 /* BT_SmartCar_demo.app */,
			);
			name = Products;
			sourceTree = "<group>";
		};
		263D621D27B3AD4200713574 /* BT_SmartCar_demo */ = {
			isa = PBXGroup;
			children = (
				26B8F47727D593F10031A300 /* Localizable.strings */,
				26E4519027F6A28200DA39FA /* BT_SmartCar_demo.entitlements */,
				263D621E27B3AD4200713574 /* AppDelegate.swift */,
				26CED26927E40CF000852DA8 /* AES128Util.swift */,
				2687C64C27BA487B006C3D63 /* BluetoothSerial.swift */,
				26841EF928177890000BB9A3 /* Util.swift */,
				26B30FF327E7FE80003B4D5A /* ControlViewController.swift */,
				26B30FF427E7FE80003B4D5A /* ControlViewController.xib */,
				26CFA85927F2B1DA00CB9092 /* ControlDialogViewController.swift */,
				26CFA85A27F2B1DA00CB9092 /* ControlDialogViewController.xib */,
				26B30FF927E813B0003B4D5A /* CConfig.swift */,
				26A17CDD27FD1CAC0051CCEC /* DirectCertificationViewController.swift */,
				26A17CDE27FD1CAC0051CCEC /* DirectCertificationViewController.xib */,
				2682B69427C753880022E627 /* DeviceModel.swift */,
				26D5BAB427EC4155001E3993 /* EmailSender.swift */,
				26D65221280662B8001C5F19 /* EmailCertificationViewController.swift */,
				26D65222280662B8001C5F19 /* EmailCertificationViewController.xib */,
				26B4FF5A27BF55BD004E05B8 /* ScanViewController.swift */,
				26B4FF5B27BF55BD004E05B8 /* ScanViewController.xib */,
				263450BA27BB34BD00ADB3C4 /* ScanTableViewCell.swift */,
				263450BB27BB34BD00ADB3C4 /* ScanTableViewCell.xib */,
				263D622027B3AD4200713574 /* SceneDelegate.swift */,
				263D622927B3AD4300713574 /* LaunchScreen.storyboard */,
				26B98EE427E02A84008BFC80 /* LoadingService.swift */,
				26DA6F7227DAFFC0001BF091 /* LoginViewController.swift */,
				26DA6F7327DAFFC0001BF091 /* LoginViewController.xib */,
				26E665C527F5984300440CB7 /* PhoneNumberModalViewController.swift */,
				26E665C627F5984300440CB7 /* PhoneNumberModalViewController.xib */,
				26E784AB2803B72C00B7417B /* MasterAddViewController.swift */,
				26E784AC2803B72C00B7417B /* MasterAddViewController.xib */,
				263D622427B3AD4200713574 /* Main.storyboard */,
				26D9CC9627EAB4500015E61C /* NumberCertificationViewController.swift */,
				26D9CC9727EAB4500015E61C /* NumberCertificationViewController.xib */,
				26E2AC2B2828F14200681567 /* ResultDialogViewController.swift */,
				26E2AC2C2828F14200681567 /* ResultDialogViewController.xib */,
				263D622227B3AD4200713574 /* ViewController.swift */,
				263D622727B3AD4300713574 /* Assets.xcassets */,
				263D622C27B3AD4300713574 /* Info.plist */,
			);
			path = BT_SmartCar_demo;
			sourceTree = "<group>";
		};
		7B969C2CA3DDE2438CD83BF1 /* Frameworks */ = {
			isa = PBXGroup;
			children = (
				3513E5717B2AD78C838DA8E4 /* Pods_BT_SmartCar_demo.framework */,
			);
			name = Frameworks;
			sourceTree = "<group>";
		};
		849B44B10F502490CDFAC9C0 /* Pods */ = {
			isa = PBXGroup;
			children = (
				213ADA9F21C08623D980CA52 /* Pods-BT_SmartCar_demo.debug.xcconfig */,
				6926BD041B60C88FD5037907 /* Pods-BT_SmartCar_demo.release.xcconfig */,
			);
			path = Pods;
			sourceTree = "<group>";
		};
/* End PBXGroup section */

/* Begin PBXNativeTarget section */
		263D621A27B3AD4200713574 /* BT_SmartCar_demo */ = {
			isa = PBXNativeTarget;
			buildConfigurationList = 263D622F27B3AD4300713574 /* Build configuration list for PBXNativeTarget "BT_SmartCar_demo" */;
			buildPhases = (
				A274DA4751E0345624477DDA /* [CP] Check Pods Manifest.lock */,
				263D621727B3AD4200713574 /* Sources */,
				263D621827B3AD4200713574 /* Frameworks */,
				263D621927B3AD4200713574 /* Resources */,
				07FDB6552814C8BEC0169A63 /* [CP] Embed Pods Frameworks */,
			);
			buildRules = (
			);
			dependencies = (
			);
			name = BT_SmartCar_demo;
			packageProductDependencies = (
				26D5BAB227EC1E5D001E3993 /* SwiftSMTP */,
			);
			productName = BT_SmartCar_demo;
			productReference = 263D621B27B3AD4200713574 /* BT_SmartCar_demo.app */;
			productType = "com.apple.product-type.application";
		};
/* End PBXNativeTarget section */

/* Begin PBXProject section */
		263D621327B3AD4200713574 /* Project object */ = {
			isa = PBXProject;
			attributes = {
				BuildIndependentTargetsInParallel = 1;
				LastSwiftUpdateCheck = 1320;
				LastUpgradeCheck = 1320;
				TargetAttributes = {
					263D621A27B3AD4200713574 = {
						CreatedOnToolsVersion = 13.2.1;
					};
				};
			};
			buildConfigurationList = 263D621627B3AD4200713574 /* Build configuration list for PBXProject "BT_SmartCar_demo" */;
			compatibilityVersion = "Xcode 13.0";
			developmentRegion = en;
			hasScannedForEncodings = 0;
			knownRegions = (
				en,
				Base,
			);
			mainGroup = 263D621227B3AD4200713574;
			packageReferences = (
				26D5BAB127EC1E5D001E3993 /* XCRemoteSwiftPackageReference "Swift-SMTP" */,
			);
			productRefGroup = 263D621C27B3AD4200713574 /* Products */;
			projectDirPath = "";
			projectRoot = "";
			targets = (
				263D621A27B3AD4200713574 /* BT_SmartCar_demo */,
			);
		};
/* End PBXProject section */

/* Begin PBXResourcesBuildPhase section */
		263D621927B3AD4200713574 /* Resources */ = {
			isa = PBXResourcesBuildPhase;
			buildActionMask = 2147483647;
			files = (
				26E784AE2803B72C00B7417B /* MasterAddViewController.xib in Resources */,
				26B30FF627E7FE80003B4D5A /* ControlViewController.xib in Resources */,
				26DA6F7527DAFFC0001BF091 /* LoginViewController.xib in Resources */,
				263D622B27B3AD4300713574 /* LaunchScreen.storyboard in Resources */,
				263D622827B3AD4300713574 /* Assets.xcassets in Resources */,
				263D622627B3AD4200713574 /* Main.storyboard in Resources */,
				26E2AC2E2828F14200681567 /* ResultDialogViewController.xib in Resources */,
				26B8F47827D593F10031A300 /* Localizable.strings in Resources */,
				26D65224280662B8001C5F19 /* EmailCertificationViewController.xib in Resources */,
				26B4FF5D27BF55BD004E05B8 /* ScanViewController.xib in Resources */,
				26A17CE027FD1CAC0051CCEC /* DirectCertificationViewController.xib in Resources */,
				26D9CC9927EAB4500015E61C /* NumberCertificationViewController.xib in Resources */,
				263450BD27BB34BD00ADB3C4 /* ScanTableViewCell.xib in Resources */,
				26E665C827F5984300440CB7 /* PhoneNumberModalViewController.xib in Resources */,
				26CFA85C27F2B1DA00CB9092 /* ControlDialogViewController.xib in Resources */,
			);
			runOnlyForDeploymentPostprocessing = 0;
		};
/* End PBXResourcesBuildPhase section */

/* Begin PBXShellScriptBuildPhase section */
		07FDB6552814C8BEC0169A63 /* [CP] Embed Pods Frameworks */ = {
			isa = PBXShellScriptBuildPhase;
			buildActionMask = 2147483647;
			files = (
			);
			inputFileListPaths = (
				"${PODS_ROOT}/Target Support Files/Pods-BT_SmartCar_demo/Pods-BT_SmartCar_demo-frameworks-${CONFIGURATION}-input-files.xcfilelist",
			);
			name = "[CP] Embed Pods Frameworks";
			outputFileListPaths = (
				"${PODS_ROOT}/Target Support Files/Pods-BT_SmartCar_demo/Pods-BT_SmartCar_demo-frameworks-${CONFIGURATION}-output-files.xcfilelist",
			);
			runOnlyForDeploymentPostprocessing = 0;
			shellPath = /bin/sh;
			shellScript = "\"${PODS_ROOT}/Target Support Files/Pods-BT_SmartCar_demo/Pods-BT_SmartCar_demo-frameworks.sh\"\n";
			showEnvVarsInLog = 0;
		};
		A274DA4751E0345624477DDA /* [CP] Check Pods Manifest.lock */ = {
			isa = PBXShellScriptBuildPhase;
			buildActionMask = 2147483647;
			files = (
			);
			inputFileListPaths = (
			);
			inputPaths = (
				"${PODS_PODFILE_DIR_PATH}/Podfile.lock",
				"${PODS_ROOT}/Manifest.lock",
			);
			name = "[CP] Check Pods Manifest.lock";
			outputFileListPaths = (
			);
			outputPaths = (
				"$(DERIVED_FILE_DIR)/Pods-BT_SmartCar_demo-checkManifestLockResult.txt",
			);
			runOnlyForDeploymentPostprocessing = 0;
			shellPath = /bin/sh;
			shellScript = "diff \"${PODS_PODFILE_DIR_PATH}/Podfile.lock\" \"${PODS_ROOT}/Manifest.lock\" > /dev/null\nif [ $? != 0 ] ; then\n    # print error to STDERR\n    echo \"error: The sandbox is not in sync with the Podfile.lock. Run 'pod install' or update your CocoaPods installation.\" >&2\n    exit 1\nfi\n# This output is used by Xcode 'outputs' to avoid re-running this script phase.\necho \"SUCCESS\" > \"${SCRIPT_OUTPUT_FILE_0}\"\n";
			showEnvVarsInLog = 0;
		};
/* End PBXShellScriptBuildPhase section */

/* Begin PBXSourcesBuildPhase section */
		263D621727B3AD4200713574 /* Sources */ = {
			isa = PBXSourcesBuildPhase;
			buildActionMask = 2147483647;
			files = (
				26DA6F7427DAFFC0001BF091 /* LoginViewController.swift in Sources */,
				26E665C727F5984300440CB7 /* PhoneNumberModalViewController.swift in Sources */,
				263D622327B3AD4200713574 /* ViewController.swift in Sources */,
				26B30FFA27E813B0003B4D5A /* CConfig.swift in Sources */,
				26E784AD2803B72C00B7417B /* MasterAddViewController.swift in Sources */,
				26D65223280662B8001C5F19 /* EmailCertificationViewController.swift in Sources */,
				26CED26A27E40CF000852DA8 /* AES128Util.swift in Sources */,
				26841EFA28177890000BB9A3 /* Util.swift in Sources */,
				26CFA85B27F2B1DA00CB9092 /* ControlDialogViewController.swift in Sources */,
				26B4FF5C27BF55BD004E05B8 /* ScanViewController.swift in Sources */,
				26D5BAB527EC4155001E3993 /* EmailSender.swift in Sources */,
				263D621F27B3AD4200713574 /* AppDelegate.swift in Sources */,
				26D9CC9827EAB4500015E61C /* NumberCertificationViewController.swift in Sources */,
				263D622127B3AD4200713574 /* SceneDelegate.swift in Sources */,
				2682B69527C753880022E627 /* DeviceModel.swift in Sources */,
				2687C64D27BA487B006C3D63 /* BluetoothSerial.swift in Sources */,
				26E2AC2D2828F14200681567 /* ResultDialogViewController.swift in Sources */,
				26A17CDF27FD1CAC0051CCEC /* DirectCertificationViewController.swift in Sources */,
				26B98EE527E02A84008BFC80 /* LoadingService.swift in Sources */,
				26B30FF527E7FE80003B4D5A /* ControlViewController.swift in Sources */,
				263450BC27BB34BD00ADB3C4 /* ScanTableViewCell.swift in Sources */,
			);
			runOnlyForDeploymentPostprocessing = 0;
		};
/* End PBXSourcesBuildPhase section */

/* Begin PBXVariantGroup section */
		263D622427B3AD4200713574 /* Main.storyboard */ = {
			isa = PBXVariantGroup;
			children = (
				263D622527B3AD4200713574 /* Base */,
			);
			name = Main.storyboard;
			sourceTree = "<group>";
		};
		263D622927B3AD4300713574 /* LaunchScreen.storyboard */ = {
			isa = PBXVariantGroup;
			children = (
				263D622A27B3AD4300713574 /* Base */,
			);
			name = LaunchScreen.storyboard;
			sourceTree = "<group>";
		};
/* End PBXVariantGroup section */

/* Begin XCBuildConfiguration section */
		263D622D27B3AD4300713574 /* Debug */ = {
			isa = XCBuildConfiguration;
			buildSettings = {
				ALWAYS_SEARCH_USER_PATHS = NO;
				CLANG_ANALYZER_NONNULL = YES;
				CLANG_ANALYZER_NUMBER_OBJECT_CONVERSION = YES_AGGRESSIVE;
				CLANG_CXX_LANGUAGE_STANDARD = "gnu++17";
				CLANG_CXX_LIBRARY = "libc++";
				CLANG_ENABLE_MODULES = YES;
				CLANG_ENABLE_OBJC_ARC = YES;
				CLANG_ENABLE_OBJC_WEAK = YES;
				CLANG_WARN_BLOCK_CAPTURE_AUTORELEASING = YES;
				CLANG_WARN_BOOL_CONVERSION = YES;
				CLANG_WARN_COMMA = YES;
				CLANG_WARN_CONSTANT_CONVERSION = YES;
				CLANG_WARN_DEPRECATED_OBJC_IMPLEMENTATIONS = YES;
				CLANG_WARN_DIRECT_OBJC_ISA_USAGE = YES_ERROR;
				CLANG_WARN_DOCUMENTATION_COMMENTS = YES;
				CLANG_WARN_EMPTY_BODY = YES;
				CLANG_WARN_ENUM_CONVERSION = YES;
				CLANG_WARN_INFINITE_RECURSION = YES;
				CLANG_WARN_INT_CONVERSION = YES;
				CLANG_WARN_NON_LITERAL_NULL_CONVERSION = YES;
				CLANG_WARN_OBJC_IMPLICIT_RETAIN_SELF = YES;
				CLANG_WARN_OBJC_LITERAL_CONVERSION = YES;
				CLANG_WARN_OBJC_ROOT_CLASS = YES_ERROR;
				CLANG_WARN_QUOTED_INCLUDE_IN_FRAMEWORK_HEADER = YES;
				CLANG_WARN_RANGE_LOOP_ANALYSIS = YES;
				CLANG_WARN_STRICT_PROTOTYPES = YES;
				CLANG_WARN_SUSPICIOUS_MOVE = YES;
				CLANG_WARN_UNGUARDED_AVAILABILITY = YES_AGGRESSIVE;
				CLANG_WARN_UNREACHABLE_CODE = YES;
				CLANG_WARN__DUPLICATE_METHOD_MATCH = YES;
				COPY_PHASE_STRIP = NO;
				DEBUG_INFORMATION_FORMAT = dwarf;
				ENABLE_STRICT_OBJC_MSGSEND = YES;
				ENABLE_TESTABILITY = YES;
				GCC_C_LANGUAGE_STANDARD = gnu11;
				GCC_DYNAMIC_NO_PIC = NO;
				GCC_NO_COMMON_BLOCKS = YES;
				GCC_OPTIMIZATION_LEVEL = 0;
				GCC_PREPROCESSOR_DEFINITIONS = (
					"DEBUG=1",
					"$(inherited)",
				);
				GCC_WARN_64_TO_32_BIT_CONVERSION = YES;
				GCC_WARN_ABOUT_RETURN_TYPE = YES_ERROR;
				GCC_WARN_UNDECLARED_SELECTOR = YES;
				GCC_WARN_UNINITIALIZED_AUTOS = YES_AGGRESSIVE;
				GCC_WARN_UNUSED_FUNCTION = YES;
				GCC_WARN_UNUSED_VARIABLE = YES;
				IPHONEOS_DEPLOYMENT_TARGET = 15.2;
				MTL_ENABLE_DEBUG_INFO = INCLUDE_SOURCE;
				MTL_FAST_MATH = YES;
				ONLY_ACTIVE_ARCH = YES;
				SDKROOT = iphoneos;
				SWIFT_ACTIVE_COMPILATION_CONDITIONS = DEBUG;
				SWIFT_OPTIMIZATION_LEVEL = "-Onone";
			};
			name = Debug;
		};
		263D622E27B3AD4300713574 /* Release */ = {
			isa = XCBuildConfiguration;
			buildSettings = {
				ALWAYS_SEARCH_USER_PATHS = NO;
				CLANG_ANALYZER_NONNULL = YES;
				CLANG_ANALYZER_NUMBER_OBJECT_CONVERSION = YES_AGGRESSIVE;
				CLANG_CXX_LANGUAGE_STANDARD = "gnu++17";
				CLANG_CXX_LIBRARY = "libc++";
				CLANG_ENABLE_MODULES = YES;
				CLANG_ENABLE_OBJC_ARC = YES;
				CLANG_ENABLE_OBJC_WEAK = YES;
				CLANG_WARN_BLOCK_CAPTURE_AUTORELEASING = YES;
				CLANG_WARN_BOOL_CONVERSION = YES;
				CLANG_WARN_COMMA = YES;
				CLANG_WARN_CONSTANT_CONVERSION = YES;
				CLANG_WARN_DEPRECATED_OBJC_IMPLEMENTATIONS = YES;
				CLANG_WARN_DIRECT_OBJC_ISA_USAGE = YES_ERROR;
				CLANG_WARN_DOCUMENTATION_COMMENTS = YES;
				CLANG_WARN_EMPTY_BODY = YES;
				CLANG_WARN_ENUM_CONVERSION = YES;
				CLANG_WARN_INFINITE_RECURSION = YES;
				CLANG_WARN_INT_CONVERSION = YES;
				CLANG_WARN_NON_LITERAL_NULL_CONVERSION = YES;
				CLANG_WARN_OBJC_IMPLICIT_RETAIN_SELF = YES;
				CLANG_WARN_OBJC_LITERAL_CONVERSION = YES;
				CLANG_WARN_OBJC_ROOT_CLASS = YES_ERROR;
				CLANG_WARN_QUOTED_INCLUDE_IN_FRAMEWORK_HEADER = YES;
				CLANG_WARN_RANGE_LOOP_ANALYSIS = YES;
				CLANG_WARN_STRICT_PROTOTYPES = YES;
				CLANG_WARN_SUSPICIOUS_MOVE = YES;
				CLANG_WARN_UNGUARDED_AVAILABILITY = YES_AGGRESSIVE;
				CLANG_WARN_UNREACHABLE_CODE = YES;
				CLANG_WARN__DUPLICATE_METHOD_MATCH = YES;
				COPY_PHASE_STRIP = NO;
				DEBUG_INFORMATION_FORMAT = "dwarf-with-dsym";
				ENABLE_NS_ASSERTIONS = NO;
				ENABLE_STRICT_OBJC_MSGSEND = YES;
				GCC_C_LANGUAGE_STANDARD = gnu11;
				GCC_NO_COMMON_BLOCKS = YES;
				GCC_WARN_64_TO_32_BIT_CONVERSION = YES;
				GCC_WARN_ABOUT_RETURN_TYPE = YES_ERROR;
				GCC_WARN_UNDECLARED_SELECTOR = YES;
				GCC_WARN_UNINITIALIZED_AUTOS = YES_AGGRESSIVE;
				GCC_WARN_UNUSED_FUNCTION = YES;
				GCC_WARN_UNUSED_VARIABLE = YES;
				IPHONEOS_DEPLOYMENT_TARGET = 15.2;
				MTL_ENABLE_DEBUG_INFO = NO;
				MTL_FAST_MATH = YES;
				SDKROOT = iphoneos;
				SWIFT_COMPILATION_MODE = wholemodule;
				SWIFT_OPTIMIZATION_LEVEL = "-O";
				VALIDATE_PRODUCT = YES;
			};
			name = Release;
		};
		263D623027B3AD4300713574 /* Debug */ = {
			isa = XCBuildConfiguration;
			baseConfigurationReference = 213ADA9F21C08623D980CA52 /* Pods-BT_SmartCar_demo.debug.xcconfig */;
			buildSettings = {
				ASSETCATALOG_COMPILER_APPICON_NAME = AppIcon;
				ASSETCATALOG_COMPILER_GLOBAL_ACCENT_COLOR_NAME = AccentColor;
				CODE_SIGN_ENTITLEMENTS = BT_SmartCar_demo/BT_SmartCar_demo.entitlements;
				CODE_SIGN_STYLE = Automatic;
				CURRENT_PROJECT_VERSION = 1;
				DEVELOPMENT_TEAM = K6R82C3VS6;
				GENERATE_INFOPLIST_FILE = YES;
				INFOPLIST_FILE = BT_SmartCar_demo/Info.plist;
				INFOPLIST_KEY_NSBluetoothAlwaysUsageDescription = "블루투스 사용 권한을 허용해주세요.";
				INFOPLIST_KEY_NSBluetoothPeripheralUsageDescription = "블루투스 사용 권한을 허용해주세요.";
				INFOPLIST_KEY_UIApplicationSupportsIndirectInputEvents = YES;
				INFOPLIST_KEY_UILaunchStoryboardName = LaunchScreen;
				INFOPLIST_KEY_UIMainStoryboardFile = Main;
				INFOPLIST_KEY_UISupportedInterfaceOrientations_iPad = "UIInterfaceOrientationPortrait UIInterfaceOrientationPortraitUpsideDown UIInterfaceOrientationLandscapeLeft UIInterfaceOrientationLandscapeRight";
				INFOPLIST_KEY_UISupportedInterfaceOrientations_iPhone = "UIInterfaceOrientationPortrait UIInterfaceOrientationLandscapeLeft UIInterfaceOrientationLandscapeRight";
				LD_RUNPATH_SEARCH_PATHS = (
					"$(inherited)",
					"@executable_path/Frameworks",
				);
				MARKETING_VERSION = 1.0;
				PRODUCT_BUNDLE_IDENTIFIER = "kr.co.norma.BT-SmartCar-demo";
				PRODUCT_NAME = "$(TARGET_NAME)";
				SWIFT_EMIT_LOC_STRINGS = YES;
				SWIFT_VERSION = 5.0;
				TARGETED_DEVICE_FAMILY = 1;
			};
			name = Debug;
		};
		263D623127B3AD4300713574 /* Release */ = {
			isa = XCBuildConfiguration;
			baseConfigurationReference = 6926BD041B60C88FD5037907 /* Pods-BT_SmartCar_demo.release.xcconfig */;
			buildSettings = {
				ASSETCATALOG_COMPILER_APPICON_NAME = AppIcon;
				ASSETCATALOG_COMPILER_GLOBAL_ACCENT_COLOR_NAME = AccentColor;
				CODE_SIGN_ENTITLEMENTS = BT_SmartCar_demo/BT_SmartCar_demo.entitlements;
				CODE_SIGN_STYLE = Automatic;
				CURRENT_PROJECT_VERSION = 1;
				DEVELOPMENT_TEAM = K6R82C3VS6;
				GENERATE_INFOPLIST_FILE = YES;
				INFOPLIST_FILE = BT_SmartCar_demo/Info.plist;
				INFOPLIST_KEY_NSBluetoothAlwaysUsageDescription = "블루투스 사용 권한을 허용해주세요.";
				INFOPLIST_KEY_NSBluetoothPeripheralUsageDescription = "블루투스 사용 권한을 허용해주세요.";
				INFOPLIST_KEY_UIApplicationSupportsIndirectInputEvents = YES;
				INFOPLIST_KEY_UILaunchStoryboardName = LaunchScreen;
				INFOPLIST_KEY_UIMainStoryboardFile = Main;
				INFOPLIST_KEY_UISupportedInterfaceOrientations_iPad = "UIInterfaceOrientationPortrait UIInterfaceOrientationPortraitUpsideDown UIInterfaceOrientationLandscapeLeft UIInterfaceOrientationLandscapeRight";
				INFOPLIST_KEY_UISupportedInterfaceOrientations_iPhone = "UIInterfaceOrientationPortrait UIInterfaceOrientationLandscapeLeft UIInterfaceOrientationLandscapeRight";
				LD_RUNPATH_SEARCH_PATHS = (
					"$(inherited)",
					"@executable_path/Frameworks",
				);
				MARKETING_VERSION = 1.0;
				PRODUCT_BUNDLE_IDENTIFIER = "kr.co.norma.BT-SmartCar-demo";
				PRODUCT_NAME = "$(TARGET_NAME)";
				SWIFT_EMIT_LOC_STRINGS = YES;
				SWIFT_VERSION = 5.0;
				TARGETED_DEVICE_FAMILY = 1;
			};
			name = Release;
		};
/* End XCBuildConfiguration section */

/* Begin XCConfigurationList section */
		263D621627B3AD4200713574 /* Build configuration list for PBXProject "BT_SmartCar_demo" */ = {
			isa = XCConfigurationList;
			buildConfigurations = (
				263D622D27B3AD4300713574 /* Debug */,
				263D622E27B3AD4300713574 /* Release */,
			);
			defaultConfigurationIsVisible = 0;
			defaultConfigurationName = Release;
		};
		263D622F27B3AD4300713574 /* Build configuration list for PBXNativeTarget "BT_SmartCar_demo" */ = {
			isa = XCConfigurationList;
			buildConfigurations = (
				263D623027B3AD4300713574 /* Debug */,
				263D623127B3AD4300713574 /* Release */,
			);
			defaultConfigurationIsVisible = 0;
			defaultConfigurationName = Release;
		};
/* End XCConfigurationList section */

/* Begin XCRemoteSwiftPackageReference section */
		26D5BAB127EC1E5D001E3993 /* XCRemoteSwiftPackageReference "Swift-SMTP" */ = {
			isa = XCRemoteSwiftPackageReference;
			repositoryURL = "https://github.com/Kitura/Swift-SMTP";
			requirement = {
				kind = upToNextMajorVersion;
				minimumVersion = 6.0.0;
			};
		};
/* End XCRemoteSwiftPackageReference section */

/* Begin XCSwiftPackageProductDependency section */
		26D5BAB227EC1E5D001E3993 /* SwiftSMTP */ = {
			isa = XCSwiftPackageProductDependency;
			package = 26D5BAB127EC1E5D001E3993 /* XCRemoteSwiftPackageReference "Swift-SMTP" */;
			productName = SwiftSMTP;
		};
/* End XCSwiftPackageProductDependency section */
	};
	rootObject = 263D621327B3AD4200713574 /* Project object */;
}
